Microsoft Visual Studio Solution File, Format Version 11.00
# Visual Studio 2008

Project("{7D2030D4-E065-7F42-5C0C-C0C03DFA1A0A}") = "blocksShooter", "Assembly-CSharp-firstpass-vs.csproj", "{279521AC-2DF2-94AA-5AAF-CED02879DEE0}"
EndProject
Project("{7D2030D4-E065-7F42-5C0C-C0C03DFA1A0A}") = "blocksShooter", "Assembly-CSharp-vs.csproj", "{EC278FFF-E737-30EE-A5D4-F1CC4F09C9F7}"
EndProject
Project("{7D2030D4-E065-7F42-5C0C-C0C03DFA1A0A}") = "blocksShooter", "Assembly-CSharp-Editor-vs.csproj", "{AC606F0C-AF62-3859-71F4-A7C633BFD1E7}"
EndProject
Global
	GlobalSection(SolutionConfigurationPlatforms) = preSolution
		Debug|Any CPU = Debug|Any CPU
		Release|Any CPU = Release|Any CPU
	EndGlobalSection
	GlobalSection(ProjectConfigurationPlatforms) = postSolution
		{279521AC-2DF2-94AA-5AAF-CED02879DEE0}.Debug|Any CPU.ActiveCfg = Debug|Any CPU
		{279521AC-2DF2-94AA-5AAF-CED02879DEE0}.Debug|Any CPU.Build.0 = Debug|Any CPU
		{279521AC-2DF2-94AA-5AAF-CED02879DEE0}.Release|Any CPU.ActiveCfg = Release|Any CPU
		{279521AC-2DF2-94AA-5AAF-CED02879DEE0}.Release|Any CPU.Build.0 = Release|Any CPU
		{EC278FFF-E737-30EE-A5D4-F1CC4F09C9F7}.Debug|Any CPU.ActiveCfg = Debug|Any CPU
		{EC278FFF-E737-30EE-A5D4-F1CC4F09C9F7}.Debug|Any CPU.Build.0 = Debug|Any CPU
		{EC278FFF-E737-30EE-A5D4-F1CC4F09C9F7}.Release|Any CPU.ActiveCfg = Release|Any CPU
		{EC278FFF-E737-30EE-A5D4-F1CC4F09C9F7}.Release|Any CPU.Build.0 = Release|Any CPU
		{AC606F0C-AF62-3859-71F4-A7C633BFD1E7}.Debug|Any CPU.ActiveCfg = Debug|Any CPU
		{AC606F0C-AF62-3859-71F4-A7C633BFD1E7}.Debug|Any CPU.Build.0 = Debug|Any CPU
		{AC606F0C-AF62-3859-71F4-A7C633BFD1E7}.Release|Any CPU.ActiveCfg = Release|Any CPU
		{AC606F0C-AF62-3859-71F4-A7C633BFD1E7}.Release|Any CPU.Build.0 = Release|Any CPU
	EndGlobalSection
	GlobalSection(SolutionProperties) = preSolution
		HideSolutionNode = FALSE
	EndGlobalSection
		GlobalSection(MonoDevelopProperties) = preSolution
		StartupItem = Assembly-CSharp.csproj
		Policies = $0
		$0.TextStylePolicy = $1
		$1.inheritsSet = null
		$1.scope = text/x-csharp
		$0.CSharpFormattingPolicy = $2
		$2.inheritsSet = Mono
		$2.inheritsScope = text/x-csharp
		$2.scope = text/x-csharp
		$0.TextStylePolicy = $3
		$3.FileWidth = 120
		$3.TabWidth = 4
		$3.EolMarker = Unix
		$3.inheritsSet = Mono
		$3.inheritsScope = text/plain
		$3.scope = text/plain
	EndGlobalSection

EndGlobal
